{
  "name": "ProyectoFinal",
  "lockfileVersion": 2,
  "requires": true,
  "packages": {
    "": {
      "dependencies": {
        "@auth0/auth0-react": "^2.2.1",
        "@cloudinary/react": "^1.11.2",
        "@cloudinary/url-gen": "^1.11.2",
        "react-router-dom": "^6.15.0"
      }
    },
    "node_modules/@auth0/auth0-react": {
      "version": "2.2.1",
      "resolved": "https://registry.npmjs.org/@auth0/auth0-react/-/auth0-react-2.2.1.tgz",
      "integrity": "sha512-4L4FZvSqIwzVk5mwWFbWzfJ4Zq11dgS0v4KIGKro5tL9dgOnBGq+Ino/1mzexPV1LJHBkfwXG4+IaPiQNz5CGg==",
      "dependencies": {
        "@auth0/auth0-spa-js": "^2.1.2"
      },
      "peerDependencies": {
        "react": "^16.11.0 || ^17 || ^18",
        "react-dom": "^16.11.0 || ^17 || ^18"
      }
    },
    "node_modules/@auth0/auth0-spa-js": {
      "version": "2.1.2",
      "resolved": "https://registry.npmjs.org/@auth0/auth0-spa-js/-/auth0-spa-js-2.1.2.tgz",
      "integrity": "sha512-xdA65Z/U7++Y7L9Uwh8Q8OVOs6qgFz+fb7GAzHFjpr1icO37B//xdzLXm7ZRgA19RWrsNe1nme3h896igJSvvw=="
    },
    "node_modules/@cloudinary/html": {
      "version": "1.11.2",
      "resolved": "https://registry.npmjs.org/@cloudinary/html/-/html-1.11.2.tgz",
      "integrity": "sha512-IibBZliI7MOK3dxvz0WlsEyTIsqZhY3SiCBQM0CNwCKxn3N1TO8OgetfU26Now1lJbdoF5JQ8S7Cn6ZWNuU1KA==",
      "dependencies": {
        "@types/lodash.clonedeep": "^4.5.6",
        "@types/lodash.debounce": "^4.0.6",
        "@types/node": "^14.14.10",
        "lodash.clonedeep": "^4.5.0",
        "lodash.debounce": "^4.0.8",
        "typescript": "^4.1.2"
      }
    },
    "node_modules/@cloudinary/react": {
      "version": "1.11.2",
      "resolved": "https://registry.npmjs.org/@cloudinary/react/-/react-1.11.2.tgz",
      "integrity": "sha512-ZnVthMW7TExLMPmyven4N7EVr2oX2yZqnHn6EHBlni9iM0AZd6qtR8R5/SscxNLNwgBieWuvmejUlUT4LqPpMg==",
      "dependencies": {
        "@cloudinary/html": "^1.11.2"
      },
      "engines": {
        "node": ">=10"
      },
      "peerDependencies": {
        "react": "^16.3.0 || ^17.0.0 || ^18.0.0"
      }
    },
    "node_modules/@cloudinary/transformation-builder-sdk": {
      "version": "1.6.1",
      "resolved": "https://registry.npmjs.org/@cloudinary/transformation-builder-sdk/-/transformation-builder-sdk-1.6.1.tgz",
      "integrity": "sha512-cBoSFbE4SnXO2QvUq+cYgUpXufmZTgg05Cy+jAdiNRGcC6lN+KO0ybMnLU6yg9cFub2NRkBDpU4N53wg4a977w==",
      "dependencies": {
        "@cloudinary/url-gen": "^1.7.0"
      }
    },
    "node_modules/@cloudinary/url-gen": {
      "version": "1.11.2",
      "resolved": "https://registry.npmjs.org/@cloudinary/url-gen/-/url-gen-1.11.2.tgz",
      "integrity": "sha512-9yL3BlThh3PfyRg/zS8cQVic3FdFaIOp361YrDrQ4fqYbYE47SGWF4ji9KoFxYF4ejfDEptayeG9jF2C465KRQ==",
      "dependencies": {
        "@cloudinary/transformation-builder-sdk": "^1.5.1"
      }
    },
    "node_modules/@remix-run/router": {
      "version": "1.8.0",
      "resolved": "https://registry.npmjs.org/@remix-run/router/-/router-1.8.0.tgz",
      "integrity": "sha512-mrfKqIHnSZRyIzBcanNJmVQELTnX+qagEDlcKO90RgRBVOZGSGvZKeDihTRfWcqoDn5N/NkUcwWTccnpN18Tfg==",
      "engines": {
        "node": ">=14.0.0"
      }
    },
    "node_modules/@types/lodash": {
      "version": "4.14.197",
      "resolved": "https://registry.npmjs.org/@types/lodash/-/lodash-4.14.197.tgz",
      "integrity": "sha512-BMVOiWs0uNxHVlHBgzTIqJYmj+PgCo4euloGF+5m4okL3rEYzM2EEv78mw8zWSMM57dM7kVIgJ2QDvwHSoCI5g=="
    },
    "node_modules/@types/lodash.clonedeep": {
      "version": "4.5.7",
      "resolved": "https://registry.npmjs.org/@types/lodash.clonedeep/-/lodash.clonedeep-4.5.7.tgz",
      "integrity": "sha512-ccNqkPptFIXrpVqUECi60/DFxjNKsfoQxSQsgcBJCX/fuX1wgyQieojkcWH/KpE3xzLoWN/2k+ZeGqIN3paSvw==",
      "dependencies": {
        "@types/lodash": "*"
      }
    },
    "node_modules/@types/lodash.debounce": {
      "version": "4.0.7",
      "resolved": "https://registry.npmjs.org/@types/lodash.debounce/-/lodash.debounce-4.0.7.tgz",
      "integrity": "sha512-X1T4wMZ+gT000M2/91SYj0d/7JfeNZ9PeeOldSNoE/lunLeQXKvkmIumI29IaKMotU/ln/McOIvgzZcQ/3TrSA==",
      "dependencies": {
        "@types/lodash": "*"
      }
    },
    "node_modules/@types/node": {
      "version": "14.18.56",
      "resolved": "https://registry.npmjs.org/@types/node/-/node-14.18.56.tgz",
      "integrity": "sha512-+k+57NVS9opgrEn5l9c0gvD1r6C+PtyhVE4BTnMMRwiEA8ZO8uFcs6Yy2sXIy0eC95ZurBtRSvhZiHXBysbl6w=="
    },
    "node_modules/js-tokens": {
      "version": "4.0.0",
      "resolved": "https://registry.npmjs.org/js-tokens/-/js-tokens-4.0.0.tgz",
      "integrity": "sha512-RdJUflcE3cUzKiMqQgsCu06FPu9UdIJO0beYbPhHN4k6apgJtifcoCtT9bcxOpYBtpD2kCM6Sbzg4CausW/PKQ==",
      "peer": true
    },
    "node_modules/lodash.clonedeep": {
      "version": "4.5.0",
      "resolved": "https://registry.npmjs.org/lodash.clonedeep/-/lodash.clonedeep-4.5.0.tgz",
      "integrity": "sha512-H5ZhCF25riFd9uB5UCkVKo61m3S/xZk1x4wA6yp/L3RFP6Z/eHH1ymQcGLo7J3GMPfm0V/7m1tryHuGVxpqEBQ=="
    },
    "node_modules/lodash.debounce": {
      "version": "4.0.8",
      "resolved": "https://registry.npmjs.org/lodash.debounce/-/lodash.debounce-4.0.8.tgz",
      "integrity": "sha512-FT1yDzDYEoYWhnSGnpE/4Kj1fLZkDFyqRb7fNt6FdYOSxlUWAtp42Eh6Wb0rGIv/m9Bgo7x4GhQbm5Ys4SG5ow=="
    },
    "node_modules/loose-envify": {
      "version": "1.4.0",
      "resolved": "https://registry.npmjs.org/loose-envify/-/loose-envify-1.4.0.tgz",
      "integrity": "sha512-lyuxPGr/Wfhrlem2CL/UcnUc1zcqKAImBDzukY7Y5F/yQiNdko6+fRLevlw1HgMySw7f611UIY408EtxRSoK3Q==",
      "peer": true,
      "dependencies": {
        "js-tokens": "^3.0.0 || ^4.0.0"
      },
      "bin": {
        "loose-envify": "cli.js"
      }
    },
    "node_modules/react": {
      "version": "18.2.0",
      "resolved": "https://registry.npmjs.org/react/-/react-18.2.0.tgz",
      "integrity": "sha512-/3IjMdb2L9QbBdWiW5e3P2/npwMBaU9mHCSCUzNln0ZCYbcfTsGbTJrU/kGemdH2IWmB2ioZ+zkxtmq6g09fGQ==",
      "peer": true,
      "dependencies": {
        "loose-envify": "^1.1.0"
      },
      "engines": {
        "node": ">=0.10.0"
      }
    },
    "node_modules/react-dom": {
      "version": "18.2.0",
      "resolved": "https://registry.npmjs.org/react-dom/-/react-dom-18.2.0.tgz",
      "integrity": "sha512-6IMTriUmvsjHUjNtEDudZfuDQUoWXVxKHhlEGSk81n4YFS+r/Kl99wXiwlVXtPBtJenozv2P+hxDsw9eA7Xo6g==",
      "peer": true,
      "dependencies": {
        "loose-envify": "^1.1.0",
        "scheduler": "^0.23.0"
      },
      "peerDependencies": {
        "react": "^18.2.0"
      }
    },
    "node_modules/react-router": {
      "version": "6.15.0",
      "resolved": "https://registry.npmjs.org/react-router/-/react-router-6.15.0.tgz",
      "integrity": "sha512-NIytlzvzLwJkCQj2HLefmeakxxWHWAP+02EGqWEZy+DgfHHKQMUoBBjUQLOtFInBMhWtb3hiUy6MfFgwLjXhqg==",
      "dependencies": {
        "@remix-run/router": "1.8.0"
      },
      "engines": {
        "node": ">=14.0.0"
      },
      "peerDependencies": {
        "react": ">=16.8"
      }
    },
    "node_modules/react-router-dom": {
      "version": "6.15.0",
      "resolved": "https://registry.npmjs.org/react-router-dom/-/react-router-dom-6.15.0.tgz",
      "integrity": "sha512-aR42t0fs7brintwBGAv2+mGlCtgtFQeOzK0BM1/OiqEzRejOZtpMZepvgkscpMUnKb8YO84G7s3LsHnnDNonbQ==",
      "dependencies": {
        "@remix-run/router": "1.8.0",
        "react-router": "6.15.0"
      },
      "engines": {
        "node": ">=14.0.0"
      },
      "peerDependencies": {
        "react": ">=16.8",
        "react-dom": ">=16.8"
      }
    },
    "node_modules/scheduler": {
      "version": "0.23.0",
      "resolved": "https://registry.npmjs.org/scheduler/-/scheduler-0.23.0.tgz",
      "integrity": "sha512-CtuThmgHNg7zIZWAXi3AsyIzA3n4xx7aNyjwC2VJldO2LMVDhFK+63xGqq6CsJH4rTAt6/M+N4GhZiDYPx9eUw==",
      "peer": true,
      "dependencies": {
        "loose-envify": "^1.1.0"
      }
    },
    "node_modules/typescript": {
      "version": "4.9.5",
      "resolved": "https://registry.npmjs.org/typescript/-/typescript-4.9.5.tgz",
      "integrity": "sha512-1FXk9E2Hm+QzZQ7z+McJiHL4NW1F2EzMu9Nq9i3zAaGqibafqYwCVU6WyWAuyQRRzOlxou8xZSyXLEN8oKj24g==",
      "bin": {
        "tsc": "bin/tsc",
        "tsserver": "bin/tsserver"
      },
      "engines": {
        "node": ">=4.2.0"
      }
    }
  },
  "dependencies": {
    "@auth0/auth0-react": {
      "version": "2.2.1",
      "resolved": "https://registry.npmjs.org/@auth0/auth0-react/-/auth0-react-2.2.1.tgz",
      "integrity": "sha512-4L4FZvSqIwzVk5mwWFbWzfJ4Zq11dgS0v4KIGKro5tL9dgOnBGq+Ino/1mzexPV1LJHBkfwXG4+IaPiQNz5CGg==",
      "requires": {
        "@auth0/auth0-spa-js": "^2.1.2"
      }
    },
    "@auth0/auth0-spa-js": {
      "version": "2.1.2",
      "resolved": "https://registry.npmjs.org/@auth0/auth0-spa-js/-/auth0-spa-js-2.1.2.tgz",
      "integrity": "sha512-xdA65Z/U7++Y7L9Uwh8Q8OVOs6qgFz+fb7GAzHFjpr1icO37B//xdzLXm7ZRgA19RWrsNe1nme3h896igJSvvw=="
    },
    "@cloudinary/html": {
      "version": "1.11.2",
      "resolved": "https://registry.npmjs.org/@cloudinary/html/-/html-1.11.2.tgz",
      "integrity": "sha512-IibBZliI7MOK3dxvz0WlsEyTIsqZhY3SiCBQM0CNwCKxn3N1TO8OgetfU26Now1lJbdoF5JQ8S7Cn6ZWNuU1KA==",
      "requires": {
        "@types/lodash.clonedeep": "^4.5.6",
        "@types/lodash.debounce": "^4.0.6",
        "@types/node": "^14.14.10",
        "lodash.clonedeep": "^4.5.0",
        "lodash.debounce": "^4.0.8",
        "typescript": "^4.1.2"
      }
    },
    "@cloudinary/react": {
      "version": "1.11.2",
      "resolved": "https://registry.npmjs.org/@cloudinary/react/-/react-1.11.2.tgz",
      "integrity": "sha512-ZnVthMW7TExLMPmyven4N7EVr2oX2yZqnHn6EHBlni9iM0AZd6qtR8R5/SscxNLNwgBieWuvmejUlUT4LqPpMg==",
      "requires": {
        "@cloudinary/html": "^1.11.2"
      }
    },
    "@cloudinary/transformation-builder-sdk": {
      "version": "1.6.1",
      "resolved": "https://registry.npmjs.org/@cloudinary/transformation-builder-sdk/-/transformation-builder-sdk-1.6.1.tgz",
      "integrity": "sha512-cBoSFbE4SnXO2QvUq+cYgUpXufmZTgg05Cy+jAdiNRGcC6lN+KO0ybMnLU6yg9cFub2NRkBDpU4N53wg4a977w==",
      "requires": {
        "@cloudinary/url-gen": "^1.7.0"
      }
    },
    "@cloudinary/url-gen": {
      "version": "1.11.2",
      "resolved": "https://registry.npmjs.org/@cloudinary/url-gen/-/url-gen-1.11.2.tgz",
      "integrity": "sha512-9yL3BlThh3PfyRg/zS8cQVic3FdFaIOp361YrDrQ4fqYbYE47SGWF4ji9KoFxYF4ejfDEptayeG9jF2C465KRQ==",
      "requires": {
        "@cloudinary/transformation-builder-sdk": "^1.5.1"
      }
    },
    "@remix-run/router": {
      "version": "1.8.0",
      "resolved": "https://registry.npmjs.org/@remix-run/router/-/router-1.8.0.tgz",
      "integrity": "sha512-mrfKqIHnSZRyIzBcanNJmVQELTnX+qagEDlcKO90RgRBVOZGSGvZKeDihTRfWcqoDn5N/NkUcwWTccnpN18Tfg=="
    },
    "@types/lodash": {
      "version": "4.14.197",
      "resolved": "https://registry.npmjs.org/@types/lodash/-/lodash-4.14.197.tgz",
      "integrity": "sha512-BMVOiWs0uNxHVlHBgzTIqJYmj+PgCo4euloGF+5m4okL3rEYzM2EEv78mw8zWSMM57dM7kVIgJ2QDvwHSoCI5g=="
    },
    "@types/lodash.clonedeep": {
      "version": "4.5.7",
      "resolved": "https://registry.npmjs.org/@types/lodash.clonedeep/-/lodash.clonedeep-4.5.7.tgz",
      "integrity": "sha512-ccNqkPptFIXrpVqUECi60/DFxjNKsfoQxSQsgcBJCX/fuX1wgyQieojkcWH/KpE3xzLoWN/2k+ZeGqIN3paSvw==",
      "requires": {
        "@types/lodash": "*"
      }
    },
    "@types/lodash.debounce": {
      "version": "4.0.7",
      "resolved": "https://registry.npmjs.org/@types/lodash.debounce/-/lodash.debounce-4.0.7.tgz",
      "integrity": "sha512-X1T4wMZ+gT000M2/91SYj0d/7JfeNZ9PeeOldSNoE/lunLeQXKvkmIumI29IaKMotU/ln/McOIvgzZcQ/3TrSA==",
      "requires": {
        "@types/lodash": "*"
      }
    },
    "@types/node": {
      "version": "14.18.56",
      "resolved": "https://registry.npmjs.org/@types/node/-/node-14.18.56.tgz",
      "integrity": "sha512-+k+57NVS9opgrEn5l9c0gvD1r6C+PtyhVE4BTnMMRwiEA8ZO8uFcs6Yy2sXIy0eC95ZurBtRSvhZiHXBysbl6w=="
    },
    "js-tokens": {
      "version": "4.0.0",
      "resolved": "https://registry.npmjs.org/js-tokens/-/js-tokens-4.0.0.tgz",
      "integrity": "sha512-RdJUflcE3cUzKiMqQgsCu06FPu9UdIJO0beYbPhHN4k6apgJtifcoCtT9bcxOpYBtpD2kCM6Sbzg4CausW/PKQ==",
      "peer": true
    },
    "lodash.clonedeep": {
      "version": "4.5.0",
      "resolved": "https://registry.npmjs.org/lodash.clonedeep/-/lodash.clonedeep-4.5.0.tgz",
      "integrity": "sha512-H5ZhCF25riFd9uB5UCkVKo61m3S/xZk1x4wA6yp/L3RFP6Z/eHH1ymQcGLo7J3GMPfm0V/7m1tryHuGVxpqEBQ=="
    },
    "lodash.debounce": {
      "version": "4.0.8",
      "resolved": "https://registry.npmjs.org/lodash.debounce/-/lodash.debounce-4.0.8.tgz",
      "integrity": "sha512-FT1yDzDYEoYWhnSGnpE/4Kj1fLZkDFyqRb7fNt6FdYOSxlUWAtp42Eh6Wb0rGIv/m9Bgo7x4GhQbm5Ys4SG5ow=="
    },
    "loose-envify": {
      "version": "1.4.0",
      "resolved": "https://registry.npmjs.org/loose-envify/-/loose-envify-1.4.0.tgz",
      "integrity": "sha512-lyuxPGr/Wfhrlem2CL/UcnUc1zcqKAImBDzukY7Y5F/yQiNdko6+fRLevlw1HgMySw7f611UIY408EtxRSoK3Q==",
      "peer": true,
      "requires": {
        "js-tokens": "^3.0.0 || ^4.0.0"
      }
    },
    "react": {
      "version": "18.2.0",
      "resolved": "https://registry.npmjs.org/react/-/react-18.2.0.tgz",
      "integrity": "sha512-/3IjMdb2L9QbBdWiW5e3P2/npwMBaU9mHCSCUzNln0ZCYbcfTsGbTJrU/kGemdH2IWmB2ioZ+zkxtmq6g09fGQ==",
      "peer": true,
      "requires": {
        "loose-envify": "^1.1.0"
      }
    },
    "react-dom": {
      "version": "18.2.0",
      "resolved": "https://registry.npmjs.org/react-dom/-/react-dom-18.2.0.tgz",
      "integrity": "sha512-6IMTriUmvsjHUjNtEDudZfuDQUoWXVxKHhlEGSk81n4YFS+r/Kl99wXiwlVXtPBtJenozv2P+hxDsw9eA7Xo6g==",
      "peer": true,
      "requires": {
        "loose-envify": "^1.1.0",
        "scheduler": "^0.23.0"
      }
    },
    "react-router": {
      "version": "6.15.0",
      "resolved": "https://registry.npmjs.org/react-router/-/react-router-6.15.0.tgz",
      "integrity": "sha512-NIytlzvzLwJkCQj2HLefmeakxxWHWAP+02EGqWEZy+DgfHHKQMUoBBjUQLOtFInBMhWtb3hiUy6MfFgwLjXhqg==",
      "requires": {
        "@remix-run/router": "1.8.0"
      }
    },
    "react-router-dom": {
      "version": "6.15.0",
      "resolved": "https://registry.npmjs.org/react-router-dom/-/react-router-dom-6.15.0.tgz",
      "integrity": "sha512-aR42t0fs7brintwBGAv2+mGlCtgtFQeOzK0BM1/OiqEzRejOZtpMZepvgkscpMUnKb8YO84G7s3LsHnnDNonbQ==",
      "requires": {
        "@remix-run/router": "1.8.0",
        "react-router": "6.15.0"
      }
    },
    "scheduler": {
      "version": "0.23.0",
      "resolved": "https://registry.npmjs.org/scheduler/-/scheduler-0.23.0.tgz",
      "integrity": "sha512-CtuThmgHNg7zIZWAXi3AsyIzA3n4xx7aNyjwC2VJldO2LMVDhFK+63xGqq6CsJH4rTAt6/M+N4GhZiDYPx9eUw==",
      "peer": true,
      "requires": {
        "loose-envify": "^1.1.0"
      }
    },
    "typescript": {
      "version": "4.9.5",
      "resolved": "https://registry.npmjs.org/typescript/-/typescript-4.9.5.tgz",
      "integrity": "sha512-1FXk9E2Hm+QzZQ7z+McJiHL4NW1F2EzMu9Nq9i3zAaGqibafqYwCVU6WyWAuyQRRzOlxou8xZSyXLEN8oKj24g=="
    }
  }
}
